<?xml version="1.0" encoding="utf-8"?>
<Project ToolsVersion="4.0" xmlns="http://schemas.microsoft.com/developer/msbuild/2003">
  <ItemGroup>
    <Filter Include="Source Files">
      <UniqueIdentifier>{4FC737F1-C7A5-4376-A066-2A32D752A2FF}</UniqueIdentifier>
      <Extensions>cpp;c;cc;cxx;c++;cppm;ixx;def;odl;idl;hpj;bat;asm;asmx</Extensions>
    </Filter>
    <Filter Include="Header Files">
      <UniqueIdentifier>{93995380-89BD-4b04-88EB-625FBE52EBFB}</UniqueIdentifier>
      <Extensions>h;hh;hpp;hxx;h++;hm;inl;inc;ipp;xsd</Extensions>
    </Filter>
    <Filter Include="Resource Files">
      <UniqueIdentifier>{67DA6AB6-F800-4c08-8B7A-83BB121AAD01}</UniqueIdentifier>
      <Extensions>rc;ico;cur;bmp;dlg;rc2;rct;bin;rgs;gif;jpg;jpeg;jpe;resx;tiff;tif;png;wav;mfcribbon-ms</Extensions>
    </Filter>
    <Filter Include="Device Component">
      <UniqueIdentifier>{35615e1f-4dec-40d9-89ae-90941d022d4b}</UniqueIdentifier>
    </Filter>
    <Filter Include="LuaEffect">
      <UniqueIdentifier>{f4189ad1-a4e8-4902-85c5-f3eeee7d40a1}</UniqueIdentifier>
    </Filter>
  </ItemGroup>
  <ItemGroup>
    <ClCompile Include="UniversalKeyboardRGBController.cpp">
      <Filter>Source Files</Filter>
    </ClCompile>
    <ClCompile Include="VisorEffect.cpp">
      <Filter>Source Files</Filter>
    </ClCompile>
    <ClCompile Include="EffectManager.cpp">
      <Filter>Source Files</Filter>
    </ClCompile>
    <ClCompile Include="EventTriggerController.cpp">
      <Filter>Source Files</Filter>
    </ClCompile>
    <ClCompile Include="EventQueue.cpp">
      <Filter>Source Files</Filter>
    </ClCompile>
    <ClCompile Include="KeyboardEventSource.cpp">
      <Filter>Source Files</Filter>
    </ClCompile>
    <ClCompile Include="KeyTrigger.cpp">
      <Filter>Source Files</Filter>
    </ClCompile>
    <ClCompile Include="VisorEffectAction.cpp">
      <Filter>Source Files</Filter>
    </ClCompile>
    <ClCompile Include="KeyEvent.cpp">
      <Filter>Source Files</Filter>
    </ClCompile>
    <ClCompile Include="FlashEffect.cpp">
      <Filter>Source Files</Filter>
    </ClCompile>
    <ClCompile Include="ActionTrigger.cpp">
      <Filter>Source Files</Filter>
    </ClCompile>
    <ClCompile Include="EventManager.cpp">
      <Filter>Source Files</Filter>
    </ClCompile>
    <ClCompile Include="TriggerObserverDispatcher.cpp">
      <Filter>Source Files</Filter>
    </ClCompile>
    <ClCompile Include="FillEffect.cpp">
      <Filter>Source Files</Filter>
    </ClCompile>
    <ClCompile Include="FillEffectFactory.cpp">
      <Filter>Source Files</Filter>
    </ClCompile>
    <ClCompile Include="TriggerObserver.cpp">
      <Filter>Source Files</Filter>
    </ClCompile>
    <ClCompile Include="ASUSAuraDeviceFactory.cpp">
      <Filter>Device Component</Filter>
    </ClCompile>
    <ClCompile Include="ASUSAuraKeyboardDevice.cpp">
      <Filter>Device Component</Filter>
    </ClCompile>
    <ClCompile Include="ASUSAuraKeyLight.cpp">
      <Filter>Device Component</Filter>
    </ClCompile>
    <ClCompile Include="LuaEffect.cpp">
      <Filter>LuaEffect</Filter>
    </ClCompile>
    <ClCompile Include="LuaEffectSettings.cpp">
      <Filter>LuaEffect</Filter>
    </ClCompile>
    <ClCompile Include="LuaNumberValue.cpp">
      <Filter>LuaEffect</Filter>
    </ClCompile>
    <ClCompile Include="LuaStringValue.cpp">
      <Filter>LuaEffect</Filter>
    </ClCompile>
    <ClCompile Include="LuaTableValue.cpp">
      <Filter>LuaEffect</Filter>
    </ClCompile>
    <ClCompile Include="LuaEffectFactory.cpp">
      <Filter>LuaEffect</Filter>
    </ClCompile>
    <ClCompile Include="LuaIKeyboardDeviceAdapter.cpp">
      <Filter>LuaEffect</Filter>
    </ClCompile>
    <ClCompile Include="LuaIntegerValue.cpp">
      <Filter>LuaEffect</Filter>
    </ClCompile>
  </ItemGroup>
  <ItemGroup>
    <ClInclude Include="RGBColor.h">
      <Filter>Header Files</Filter>
    </ClInclude>
    <ClInclude Include="Effect.h">
      <Filter>Header Files</Filter>
    </ClInclude>
    <ClInclude Include="VisorEffect.h">
      <Filter>Header Files</Filter>
    </ClInclude>
    <ClInclude Include="EffectManager.h">
      <Filter>Header Files</Filter>
    </ClInclude>
    <ClInclude Include="EventTriggerController.h">
      <Filter>Header Files</Filter>
    </ClInclude>
    <ClInclude Include="Event.h">
      <Filter>Header Files</Filter>
    </ClInclude>
    <ClInclude Include="IEventSource.h">
      <Filter>Header Files</Filter>
    </ClInclude>
    <ClInclude Include="EventQueue.h">
      <Filter>Header Files</Filter>
    </ClInclude>
    <ClInclude Include="KeyboardEventSource.h">
      <Filter>Header Files</Filter>
    </ClInclude>
    <ClInclude Include="Trigger.h">
      <Filter>Header Files</Filter>
    </ClInclude>
    <ClInclude Include="KeyTrigger.h">
      <Filter>Header Files</Filter>
    </ClInclude>
    <ClInclude Include="VisorEffectAction.h">
      <Filter>Header Files</Filter>
    </ClInclude>
    <ClInclude Include="KeyEvent.h">
      <Filter>Header Files</Filter>
    </ClInclude>
    <ClInclude Include="FlashEffect.h">
      <Filter>Header Files</Filter>
    </ClInclude>
    <ClInclude Include="IEffectFactory.h">
      <Filter>Header Files</Filter>
    </ClInclude>
    <ClInclude Include="ActionTrigger.h">
      <Filter>Header Files</Filter>
    </ClInclude>
    <ClInclude Include="EventManager.h">
      <Filter>Header Files</Filter>
    </ClInclude>
    <ClInclude Include="TriggerObserverDispatcher.h">
      <Filter>Header Files</Filter>
    </ClInclude>
    <ClInclude Include="TriggerObserver.h">
      <Filter>Header Files</Filter>
    </ClInclude>
    <ClInclude Include="FillEffect.h">
      <Filter>Header Files</Filter>
    </ClInclude>
    <ClInclude Include="FillEffectFactory.h">
      <Filter>Header Files</Filter>
    </ClInclude>
    <ClInclude Include="ColorUtils.h">
      <Filter>Header Files</Filter>
    </ClInclude>
    <ClInclude Include="ASUSAuraKeyLight.h">
      <Filter>Device Component</Filter>
    </ClInclude>
    <ClInclude Include="ASUSAuraDeviceFactory.h">
      <Filter>Device Component</Filter>
    </ClInclude>
    <ClInclude Include="ASUSAuraKeyboardDevice.h">
      <Filter>Device Component</Filter>
    </ClInclude>
    <ClInclude Include="IKeyboardDevice.h">
      <Filter>Device Component</Filter>
    </ClInclude>
    <ClInclude Include="IKeyLight.h">
      <Filter>Device Component</Filter>
    </ClInclude>
    <ClInclude Include="LuaEffect.h">
      <Filter>LuaEffect</Filter>
    </ClInclude>
    <ClInclude Include="LuaEffectSettings.h">
      <Filter>LuaEffect</Filter>
    </ClInclude>
    <ClInclude Include="ILuaValue.h">
      <Filter>LuaEffect</Filter>
    </ClInclude>
    <ClInclude Include="LuaNumberValue.h">
      <Filter>LuaEffect</Filter>
    </ClInclude>
    <ClInclude Include="LuaStringValue.h">
      <Filter>LuaEffect</Filter>
    </ClInclude>
    <ClInclude Include="LuaTableValue.h">
      <Filter>LuaEffect</Filter>
    </ClInclude>
    <ClInclude Include="LuaEffectFactory.h">
      <Filter>LuaEffect</Filter>
    </ClInclude>
    <ClInclude Include="LuaUtils.h">
      <Filter>LuaEffect</Filter>
    </ClInclude>
    <ClInclude Include="LuaIKeyboardDeviceAdapter.h">
      <Filter>LuaEffect</Filter>
    </ClInclude>
    <ClInclude Include="LuaIntegerValue.h">
      <Filter>LuaEffect</Filter>
    </ClInclude>
  </ItemGroup>
  <ItemGroup>
    <None Include="effect.lua" />
  </ItemGroup>
</Project>